<?xml version="1.0" encoding="utf-8"?>
<Project ToolsVersion="4.0" xmlns="http://schemas.microsoft.com/developer/msbuild/2003">
  <ItemGroup>
    <ClCompile Include="AssetFactory\Bruteforce.cpp" />
    <ClCompile Include="AssetFactory\Entity.cpp" />
    <ClCompile Include="AssetFactory\GameAssetFactory.cpp" />
    <ClCompile Include="AssetFactory\Mesh.cpp" />
    <ClCompile Include="AssetFactory\Model.cpp" />
    <ClCompile Include="AssetFactory\Player.cpp" />
    <ClCompile Include="AssetFactory\Terrain.cpp" />
    <ClCompile Include="AssetFactory\NPC.cpp" />
    <ClCompile Include="AssetFactory\Object.cpp" />
    <ClCompile Include="Renderer\OpenGl.cpp" />
    <ClCompile Include="Source\AllStatesFSM.cpp" />
    <ClCompile Include="Source\Camera.cpp" />
    <ClCompile Include="Source\ComputerAI.cpp" />
    <ClCompile Include="Source\GameControlEngine.cpp" />
    <ClCompile Include="Source\GameWorld.cpp" />
    <ClCompile Include="Source\GLFWManager.cpp" />
    <ClCompile Include="Source\InputManager.cpp" />
    <ClCompile Include="Source\PhysicsEngine.cpp" />
    <ClCompile Include="Source\ScriptManager.cpp" />
    <ClCompile Include="Source\Shader.cpp" />
    <ClCompile Include="Source\TextureManager.cpp" />
    <ClCompile Include="Source\TimeManager.cpp" />
  </ItemGroup>
  <ItemGroup>
    <ClInclude Include="AssetFactory\Bruteforce.h" />
    <ClInclude Include="AssetFactory\GameAssetFactory.h" />
    <ClInclude Include="AssetFactory\Mesh.h" />
    <ClInclude Include="AssetFactory\Model.h" />
    <ClInclude Include="AssetFactory\Player.h" />
    <ClInclude Include="AssetFactory\Terrain.h" />
    <ClInclude Include="AssetFactory\NPC.h" />
    <ClInclude Include="AssetFactory\IGameAsset.h" />
    <ClInclude Include="AssetFactory\Object.h" />
    <ClInclude Include="Common\MyMath.h" />
    <ClInclude Include="Common\Vertex3.h" />
    <ClInclude Include="Renderer\OpenGl.h" />
    <ClInclude Include="Scripting\ScriptManager.h" />
    <ClInclude Include="Common\Singleton.h" />
    <ClInclude Include="Common\Structs.h" />
    <ClInclude Include="Physics\PhysicsEngine.h" />
    <ClInclude Include="Renderer\Shader.h" />
    <ClInclude Include="AI\State.h" />
    <ClInclude Include="AI\AllStatesFSM.h" />
    <ClInclude Include="AI\ComputerAI.h" />
    <ClInclude Include="Texture\TextureManager.h" />
    <ClInclude Include="AI\StateMachine.h" />
    <ClInclude Include="Input\InputManager.h" />
    <ClInclude Include="Controllers\Camera.h" />
    <ClInclude Include="Controllers\GameControlEngine.h" />
    <ClInclude Include="Controllers\GameWorld.h" />
    <ClInclude Include="Controllers\GLFWManager.h" />
    <ClInclude Include="Controllers\TimeManager.h" />
    <ClInclude Include="Controllers\WindowManager.h" />
  </ItemGroup>
  <ItemGroup>
    <None Include="res\scripts\ModelInit.lua" />
    <None Include="Resources\scripts\CameraInit.lua" />
    <None Include="Resources\scripts\ModelsInit.lua" />
    <None Include="Resources\scripts\TerrainsInit.lua" />
    <None Include="Resources\scripts\TexturesInit.lua" />
    <None Include="Resources\scripts\WindowInit.lua" />
    <None Include="Resources\shaders\Default.shader" />
    <None Include="Resources\shaders\Terrain.shader" />
  </ItemGroup>
</Project>