Microsoft Visual Studio Solution File, Format Version 12.00
# Visual Studio 14
Project("{8BC9CEB8-8B4A-11D0-8D11-00A0C91BC942}") = "ALL_BUILD", "ALL_BUILD.vcxproj", "{A2A629EB-6A0D-370E-90E3-1388CA695B57}"
	ProjectSection(ProjectDependencies) = postProject
		{904BA903-B26B-30A8-A752-4E91E0348A5B} = {904BA903-B26B-30A8-A752-4E91E0348A5B}
		{594EC5A3-BAE2-31C7-A4D7-7E7691977813} = {594EC5A3-BAE2-31C7-A4D7-7E7691977813}
		{D4803232-C764-3DA1-B43A-3F763A4595BE} = {D4803232-C764-3DA1-B43A-3F763A4595BE}
		{F49DE16E-2B45-3690-96BA-A2A85F7585D7} = {F49DE16E-2B45-3690-96BA-A2A85F7585D7}
		{CE2795A4-3CE9-30B6-AE8F-323D27EB3804} = {CE2795A4-3CE9-30B6-AE8F-323D27EB3804}
		{7E1B84D2-DE27-3206-9FDB-4EF259081EF9} = {7E1B84D2-DE27-3206-9FDB-4EF259081EF9}
		{1E978347-5B98-38EC-816F-1283B884C005} = {1E978347-5B98-38EC-816F-1283B884C005}
	EndProjectSection
EndProject
Project("{8BC9CEB8-8B4A-11D0-8D11-00A0C91BC942}") = "Continuous", "test\Continuous.vcxproj", "{563E19E3-0D28-3D68-99F8-DBB866BE2DBC}"
	ProjectSection(ProjectDependencies) = postProject
		{594EC5A3-BAE2-31C7-A4D7-7E7691977813} = {594EC5A3-BAE2-31C7-A4D7-7E7691977813}
	EndProjectSection
EndProject
Project("{8BC9CEB8-8B4A-11D0-8D11-00A0C91BC942}") = "Experimental", "test\Experimental.vcxproj", "{D337919F-181B-3254-90F8-8456B974B2C0}"
	ProjectSection(ProjectDependencies) = postProject
		{594EC5A3-BAE2-31C7-A4D7-7E7691977813} = {594EC5A3-BAE2-31C7-A4D7-7E7691977813}
	EndProjectSection
EndProject
Project("{8BC9CEB8-8B4A-11D0-8D11-00A0C91BC942}") = "INSTALL", "INSTALL.vcxproj", "{AB20060A-9F20-34C2-813D-7BFE552E82A0}"
	ProjectSection(ProjectDependencies) = postProject
		{A2A629EB-6A0D-370E-90E3-1388CA695B57} = {A2A629EB-6A0D-370E-90E3-1388CA695B57}
		{594EC5A3-BAE2-31C7-A4D7-7E7691977813} = {594EC5A3-BAE2-31C7-A4D7-7E7691977813}
	EndProjectSection
EndProject
Project("{8BC9CEB8-8B4A-11D0-8D11-00A0C91BC942}") = "IrrXML", "contrib\irrXML\IrrXML.vcxproj", "{904BA903-B26B-30A8-A752-4E91E0348A5B}"
	ProjectSection(ProjectDependencies) = postProject
		{594EC5A3-BAE2-31C7-A4D7-7E7691977813} = {594EC5A3-BAE2-31C7-A4D7-7E7691977813}
	EndProjectSection
EndProject
Project("{8BC9CEB8-8B4A-11D0-8D11-00A0C91BC942}") = "Nightly", "test\Nightly.vcxproj", "{8C47A4E7-01CB-3613-8D03-EB4B2CC44599}"
	ProjectSection(ProjectDependencies) = postProject
		{594EC5A3-BAE2-31C7-A4D7-7E7691977813} = {594EC5A3-BAE2-31C7-A4D7-7E7691977813}
	EndProjectSection
EndProject
Project("{8BC9CEB8-8B4A-11D0-8D11-00A0C91BC942}") = "NightlyMemoryCheck", "test\NightlyMemoryCheck.vcxproj", "{6CBF4E34-81B2-37A4-A67F-29C0EA7AE579}"
	ProjectSection(ProjectDependencies) = postProject
		{594EC5A3-BAE2-31C7-A4D7-7E7691977813} = {594EC5A3-BAE2-31C7-A4D7-7E7691977813}
	EndProjectSection
EndProject
Project("{8BC9CEB8-8B4A-11D0-8D11-00A0C91BC942}") = "UpdateAssimpLibsDebugSymbolsAndDLLs", "UpdateAssimpLibsDebugSymbolsAndDLLs.vcxproj", "{90949DA8-9105-3303-AACE-80929C4E2D4B}"
	ProjectSection(ProjectDependencies) = postProject
		{594EC5A3-BAE2-31C7-A4D7-7E7691977813} = {594EC5A3-BAE2-31C7-A4D7-7E7691977813}
	EndProjectSection
EndProject
Project("{8BC9CEB8-8B4A-11D0-8D11-00A0C91BC942}") = "ZERO_CHECK", "ZERO_CHECK.vcxproj", "{594EC5A3-BAE2-31C7-A4D7-7E7691977813}"
	ProjectSection(ProjectDependencies) = postProject
	EndProjectSection
EndProject
Project("{8BC9CEB8-8B4A-11D0-8D11-00A0C91BC942}") = "assimp", "code\assimp.vcxproj", "{D4803232-C764-3DA1-B43A-3F763A4595BE}"
	ProjectSection(ProjectDependencies) = postProject
		{904BA903-B26B-30A8-A752-4E91E0348A5B} = {904BA903-B26B-30A8-A752-4E91E0348A5B}
		{594EC5A3-BAE2-31C7-A4D7-7E7691977813} = {594EC5A3-BAE2-31C7-A4D7-7E7691977813}
		{1E978347-5B98-38EC-816F-1283B884C005} = {1E978347-5B98-38EC-816F-1283B884C005}
	EndProjectSection
EndProject
Project("{8BC9CEB8-8B4A-11D0-8D11-00A0C91BC942}") = "assimp_cmd", "tools\assimp_cmd\assimp_cmd.vcxproj", "{F49DE16E-2B45-3690-96BA-A2A85F7585D7}"
	ProjectSection(ProjectDependencies) = postProject
		{904BA903-B26B-30A8-A752-4E91E0348A5B} = {904BA903-B26B-30A8-A752-4E91E0348A5B}
		{594EC5A3-BAE2-31C7-A4D7-7E7691977813} = {594EC5A3-BAE2-31C7-A4D7-7E7691977813}
		{D4803232-C764-3DA1-B43A-3F763A4595BE} = {D4803232-C764-3DA1-B43A-3F763A4595BE}
		{1E978347-5B98-38EC-816F-1283B884C005} = {1E978347-5B98-38EC-816F-1283B884C005}
	EndProjectSection
EndProject
Project("{8BC9CEB8-8B4A-11D0-8D11-00A0C91BC942}") = "uninstall", "uninstall.vcxproj", "{B4C19860-ACF4-3A52-955E-F75CFFA14559}"
	ProjectSection(ProjectDependencies) = postProject
		{594EC5A3-BAE2-31C7-A4D7-7E7691977813} = {594EC5A3-BAE2-31C7-A4D7-7E7691977813}
	EndProjectSection
EndProject
Project("{8BC9CEB8-8B4A-11D0-8D11-00A0C91BC942}") = "unit", "test\unit.vcxproj", "{CE2795A4-3CE9-30B6-AE8F-323D27EB3804}"
	ProjectSection(ProjectDependencies) = postProject
		{904BA903-B26B-30A8-A752-4E91E0348A5B} = {904BA903-B26B-30A8-A752-4E91E0348A5B}
		{594EC5A3-BAE2-31C7-A4D7-7E7691977813} = {594EC5A3-BAE2-31C7-A4D7-7E7691977813}
		{D4803232-C764-3DA1-B43A-3F763A4595BE} = {D4803232-C764-3DA1-B43A-3F763A4595BE}
		{1E978347-5B98-38EC-816F-1283B884C005} = {1E978347-5B98-38EC-816F-1283B884C005}
	EndProjectSection
EndProject
Project("{8BC9CEB8-8B4A-11D0-8D11-00A0C91BC942}") = "zlib", "contrib\zlib\zlib.vcxproj", "{7E1B84D2-DE27-3206-9FDB-4EF259081EF9}"
	ProjectSection(ProjectDependencies) = postProject
		{594EC5A3-BAE2-31C7-A4D7-7E7691977813} = {594EC5A3-BAE2-31C7-A4D7-7E7691977813}
	EndProjectSection
EndProject
Project("{8BC9CEB8-8B4A-11D0-8D11-00A0C91BC942}") = "zlibstatic", "contrib\zlib\zlibstatic.vcxproj", "{1E978347-5B98-38EC-816F-1283B884C005}"
	ProjectSection(ProjectDependencies) = postProject
		{594EC5A3-BAE2-31C7-A4D7-7E7691977813} = {594EC5A3-BAE2-31C7-A4D7-7E7691977813}
	EndProjectSection
EndProject
Global
	GlobalSection(SolutionConfigurationPlatforms) = preSolution
		Debug|Win32 = Debug|Win32
		Release|Win32 = Release|Win32
		MinSizeRel|Win32 = MinSizeRel|Win32
		RelWithDebInfo|Win32 = RelWithDebInfo|Win32
	EndGlobalSection
	GlobalSection(ProjectConfigurationPlatforms) = postSolution
		{A2A629EB-6A0D-370E-90E3-1388CA695B57}.Debug|Win32.ActiveCfg = Debug|Win32
		{A2A629EB-6A0D-370E-90E3-1388CA695B57}.Debug|Win32.Build.0 = Debug|Win32
		{A2A629EB-6A0D-370E-90E3-1388CA695B57}.Release|Win32.ActiveCfg = Release|Win32
		{A2A629EB-6A0D-370E-90E3-1388CA695B57}.Release|Win32.Build.0 = Release|Win32
		{A2A629EB-6A0D-370E-90E3-1388CA695B57}.MinSizeRel|Win32.ActiveCfg = MinSizeRel|Win32
		{A2A629EB-6A0D-370E-90E3-1388CA695B57}.MinSizeRel|Win32.Build.0 = MinSizeRel|Win32
		{A2A629EB-6A0D-370E-90E3-1388CA695B57}.RelWithDebInfo|Win32.ActiveCfg = RelWithDebInfo|Win32
		{A2A629EB-6A0D-370E-90E3-1388CA695B57}.RelWithDebInfo|Win32.Build.0 = RelWithDebInfo|Win32
		{563E19E3-0D28-3D68-99F8-DBB866BE2DBC}.Debug|Win32.ActiveCfg = Debug|Win32
		{563E19E3-0D28-3D68-99F8-DBB866BE2DBC}.Release|Win32.ActiveCfg = Release|Win32
		{563E19E3-0D28-3D68-99F8-DBB866BE2DBC}.MinSizeRel|Win32.ActiveCfg = MinSizeRel|Win32
		{563E19E3-0D28-3D68-99F8-DBB866BE2DBC}.RelWithDebInfo|Win32.ActiveCfg = RelWithDebInfo|Win32
		{D337919F-181B-3254-90F8-8456B974B2C0}.Debug|Win32.ActiveCfg = Debug|Win32
		{D337919F-181B-3254-90F8-8456B974B2C0}.Release|Win32.ActiveCfg = Release|Win32
		{D337919F-181B-3254-90F8-8456B974B2C0}.MinSizeRel|Win32.ActiveCfg = MinSizeRel|Win32
		{D337919F-181B-3254-90F8-8456B974B2C0}.RelWithDebInfo|Win32.ActiveCfg = RelWithDebInfo|Win32
		{AB20060A-9F20-34C2-813D-7BFE552E82A0}.Debug|Win32.ActiveCfg = Debug|Win32
		{AB20060A-9F20-34C2-813D-7BFE552E82A0}.Release|Win32.ActiveCfg = Release|Win32
		{AB20060A-9F20-34C2-813D-7BFE552E82A0}.MinSizeRel|Win32.ActiveCfg = MinSizeRel|Win32
		{AB20060A-9F20-34C2-813D-7BFE552E82A0}.RelWithDebInfo|Win32.ActiveCfg = RelWithDebInfo|Win32
		{904BA903-B26B-30A8-A752-4E91E0348A5B}.Debug|Win32.ActiveCfg = Debug|Win32
		{904BA903-B26B-30A8-A752-4E91E0348A5B}.Debug|Win32.Build.0 = Debug|Win32
		{904BA903-B26B-30A8-A752-4E91E0348A5B}.Release|Win32.ActiveCfg = Release|Win32
		{904BA903-B26B-30A8-A752-4E91E0348A5B}.Release|Win32.Build.0 = Release|Win32
		{904BA903-B26B-30A8-A752-4E91E0348A5B}.MinSizeRel|Win32.ActiveCfg = MinSizeRel|Win32
		{904BA903-B26B-30A8-A752-4E91E0348A5B}.MinSizeRel|Win32.Build.0 = MinSizeRel|Win32
		{904BA903-B26B-30A8-A752-4E91E0348A5B}.RelWithDebInfo|Win32.ActiveCfg = RelWithDebInfo|Win32
		{904BA903-B26B-30A8-A752-4E91E0348A5B}.RelWithDebInfo|Win32.Build.0 = RelWithDebInfo|Win32
		{8C47A4E7-01CB-3613-8D03-EB4B2CC44599}.Debug|Win32.ActiveCfg = Debug|Win32
		{8C47A4E7-01CB-3613-8D03-EB4B2CC44599}.Release|Win32.ActiveCfg = Release|Win32
		{8C47A4E7-01CB-3613-8D03-EB4B2CC44599}.MinSizeRel|Win32.ActiveCfg = MinSizeRel|Win32
		{8C47A4E7-01CB-3613-8D03-EB4B2CC44599}.RelWithDebInfo|Win32.ActiveCfg = RelWithDebInfo|Win32
		{6CBF4E34-81B2-37A4-A67F-29C0EA7AE579}.Debug|Win32.ActiveCfg = Debug|Win32
		{6CBF4E34-81B2-37A4-A67F-29C0EA7AE579}.Release|Win32.ActiveCfg = Release|Win32
		{6CBF4E34-81B2-37A4-A67F-29C0EA7AE579}.MinSizeRel|Win32.ActiveCfg = MinSizeRel|Win32
		{6CBF4E34-81B2-37A4-A67F-29C0EA7AE579}.RelWithDebInfo|Win32.ActiveCfg = RelWithDebInfo|Win32
		{90949DA8-9105-3303-AACE-80929C4E2D4B}.Debug|Win32.ActiveCfg = Debug|Win32
		{90949DA8-9105-3303-AACE-80929C4E2D4B}.Release|Win32.ActiveCfg = Release|Win32
		{90949DA8-9105-3303-AACE-80929C4E2D4B}.MinSizeRel|Win32.ActiveCfg = MinSizeRel|Win32
		{90949DA8-9105-3303-AACE-80929C4E2D4B}.RelWithDebInfo|Win32.ActiveCfg = RelWithDebInfo|Win32
		{594EC5A3-BAE2-31C7-A4D7-7E7691977813}.Debug|Win32.ActiveCfg = Debug|Win32
		{594EC5A3-BAE2-31C7-A4D7-7E7691977813}.Debug|Win32.Build.0 = Debug|Win32
		{594EC5A3-BAE2-31C7-A4D7-7E7691977813}.Release|Win32.ActiveCfg = Release|Win32
		{594EC5A3-BAE2-31C7-A4D7-7E7691977813}.Release|Win32.Build.0 = Release|Win32
		{594EC5A3-BAE2-31C7-A4D7-7E7691977813}.MinSizeRel|Win32.ActiveCfg = MinSizeRel|Win32
		{594EC5A3-BAE2-31C7-A4D7-7E7691977813}.MinSizeRel|Win32.Build.0 = MinSizeRel|Win32
		{594EC5A3-BAE2-31C7-A4D7-7E7691977813}.RelWithDebInfo|Win32.ActiveCfg = RelWithDebInfo|Win32
		{594EC5A3-BAE2-31C7-A4D7-7E7691977813}.RelWithDebInfo|Win32.Build.0 = RelWithDebInfo|Win32
		{D4803232-C764-3DA1-B43A-3F763A4595BE}.Debug|Win32.ActiveCfg = Debug|Win32
		{D4803232-C764-3DA1-B43A-3F763A4595BE}.Debug|Win32.Build.0 = Debug|Win32
		{D4803232-C764-3DA1-B43A-3F763A4595BE}.Release|Win32.ActiveCfg = Release|Win32
		{D4803232-C764-3DA1-B43A-3F763A4595BE}.Release|Win32.Build.0 = Release|Win32
		{D4803232-C764-3DA1-B43A-3F763A4595BE}.MinSizeRel|Win32.ActiveCfg = MinSizeRel|Win32
		{D4803232-C764-3DA1-B43A-3F763A4595BE}.MinSizeRel|Win32.Build.0 = MinSizeRel|Win32
		{D4803232-C764-3DA1-B43A-3F763A4595BE}.RelWithDebInfo|Win32.ActiveCfg = RelWithDebInfo|Win32
		{D4803232-C764-3DA1-B43A-3F763A4595BE}.RelWithDebInfo|Win32.Build.0 = RelWithDebInfo|Win32
		{F49DE16E-2B45-3690-96BA-A2A85F7585D7}.Debug|Win32.ActiveCfg = Debug|Win32
		{F49DE16E-2B45-3690-96BA-A2A85F7585D7}.Debug|Win32.Build.0 = Debug|Win32
		{F49DE16E-2B45-3690-96BA-A2A85F7585D7}.Release|Win32.ActiveCfg = Release|Win32
		{F49DE16E-2B45-3690-96BA-A2A85F7585D7}.Release|Win32.Build.0 = Release|Win32
		{F49DE16E-2B45-3690-96BA-A2A85F7585D7}.MinSizeRel|Win32.ActiveCfg = MinSizeRel|Win32
		{F49DE16E-2B45-3690-96BA-A2A85F7585D7}.MinSizeRel|Win32.Build.0 = MinSizeRel|Win32
		{F49DE16E-2B45-3690-96BA-A2A85F7585D7}.RelWithDebInfo|Win32.ActiveCfg = RelWithDebInfo|Win32
		{F49DE16E-2B45-3690-96BA-A2A85F7585D7}.RelWithDebInfo|Win32.Build.0 = RelWithDebInfo|Win32
		{B4C19860-ACF4-3A52-955E-F75CFFA14559}.Debug|Win32.ActiveCfg = Debug|Win32
		{B4C19860-ACF4-3A52-955E-F75CFFA14559}.Release|Win32.ActiveCfg = Release|Win32
		{B4C19860-ACF4-3A52-955E-F75CFFA14559}.MinSizeRel|Win32.ActiveCfg = MinSizeRel|Win32
		{B4C19860-ACF4-3A52-955E-F75CFFA14559}.RelWithDebInfo|Win32.ActiveCfg = RelWithDebInfo|Win32
		{CE2795A4-3CE9-30B6-AE8F-323D27EB3804}.Debug|Win32.ActiveCfg = Debug|Win32
		{CE2795A4-3CE9-30B6-AE8F-323D27EB3804}.Debug|Win32.Build.0 = Debug|Win32
		{CE2795A4-3CE9-30B6-AE8F-323D27EB3804}.Release|Win32.ActiveCfg = Release|Win32
		{CE2795A4-3CE9-30B6-AE8F-323D27EB3804}.Release|Win32.Build.0 = Release|Win32
		{CE2795A4-3CE9-30B6-AE8F-323D27EB3804}.MinSizeRel|Win32.ActiveCfg = MinSizeRel|Win32
		{CE2795A4-3CE9-30B6-AE8F-323D27EB3804}.MinSizeRel|Win32.Build.0 = MinSizeRel|Win32
		{CE2795A4-3CE9-30B6-AE8F-323D27EB3804}.RelWithDebInfo|Win32.ActiveCfg = RelWithDebInfo|Win32
		{CE2795A4-3CE9-30B6-AE8F-323D27EB3804}.RelWithDebInfo|Win32.Build.0 = RelWithDebInfo|Win32
		{7E1B84D2-DE27-3206-9FDB-4EF259081EF9}.Debug|Win32.ActiveCfg = Debug|Win32
		{7E1B84D2-DE27-3206-9FDB-4EF259081EF9}.Debug|Win32.Build.0 = Debug|Win32
		{7E1B84D2-DE27-3206-9FDB-4EF259081EF9}.Release|Win32.ActiveCfg = Release|Win32
		{7E1B84D2-DE27-3206-9FDB-4EF259081EF9}.Release|Win32.Build.0 = Release|Win32
		{7E1B84D2-DE27-3206-9FDB-4EF259081EF9}.MinSizeRel|Win32.ActiveCfg = MinSizeRel|Win32
		{7E1B84D2-DE27-3206-9FDB-4EF259081EF9}.MinSizeRel|Win32.Build.0 = MinSizeRel|Win32
		{7E1B84D2-DE27-3206-9FDB-4EF259081EF9}.RelWithDebInfo|Win32.ActiveCfg = RelWithDebInfo|Win32
		{7E1B84D2-DE27-3206-9FDB-4EF259081EF9}.RelWithDebInfo|Win32.Build.0 = RelWithDebInfo|Win32
		{1E978347-5B98-38EC-816F-1283B884C005}.Debug|Win32.ActiveCfg = Debug|Win32
		{1E978347-5B98-38EC-816F-1283B884C005}.Debug|Win32.Build.0 = Debug|Win32
		{1E978347-5B98-38EC-816F-1283B884C005}.Release|Win32.ActiveCfg = Release|Win32
		{1E978347-5B98-38EC-816F-1283B884C005}.Release|Win32.Build.0 = Release|Win32
		{1E978347-5B98-38EC-816F-1283B884C005}.MinSizeRel|Win32.ActiveCfg = MinSizeRel|Win32
		{1E978347-5B98-38EC-816F-1283B884C005}.MinSizeRel|Win32.Build.0 = MinSizeRel|Win32
		{1E978347-5B98-38EC-816F-1283B884C005}.RelWithDebInfo|Win32.ActiveCfg = RelWithDebInfo|Win32
		{1E978347-5B98-38EC-816F-1283B884C005}.RelWithDebInfo|Win32.Build.0 = RelWithDebInfo|Win32
	EndGlobalSection
	GlobalSection(ExtensibilityGlobals) = postSolution
		SolutionGuid = {69876CFE-0494-30DF-9E7C-0B8DA8A508EC}
	EndGlobalSection
	GlobalSection(ExtensibilityAddIns) = postSolution
	EndGlobalSection
EndGlobal
